DEPENDENCIES
  apt
  hipsnip-jetty_test
    path: test/cookbooks/hipsnip-jetty_test
  jetty
    path: .
    metadata: true
  minitest-handler (~> 0.2.1)

GRAPH
  apt (2.9.2)
  chef_handler (1.2.0)
  hipsnip-jetty (0.9.0)
    java (>= 1.10.0)
  hipsnip-jetty_test (0.1.0)
    hipsnip-jetty (>= 0.0.0)
  java (1.36.0)
    apt (>= 0.0.0)
  jetty (0.12.0)
    java (>= 1.10.0)
  minitest-handler (0.2.1)
    chef_handler (>= 0.0.0)
